
Microsoft Visual Studio Solution File, Format Version 12.00
# Visual Studio Version 17
VisualStudioVersion = 17.6.33829.357
MinimumVisualStudioVersion = 10.0.40219.1
Project("{FAE04EC0-301F-11D3-BF4B-00C04F79EFBC}") = "AırportMvcUI", "AırportMvcUI\AırportMvcUI.csproj", "{A8B83358-CF3A-4DB9-8825-F771E82E567E}"
EndProject
Global
	GlobalSection(SolutionConfigurationPlatforms) = preSolution
		Debug|Any CPU = Debug|Any CPU
		Release|Any CPU = Release|Any CPU
	EndGlobalSection
	GlobalSection(ProjectConfigurationPlatforms) = postSolution
		{A8B83358-CF3A-4DB9-8825-F771E82E567E}.Debug|Any CPU.ActiveCfg = Debug|Any CPU
		{A8B83358-CF3A-4DB9-8825-F771E82E567E}.Debug|Any CPU.Build.0 = Debug|Any CPU
		{A8B83358-CF3A-4DB9-8825-F771E82E567E}.Release|Any CPU.ActiveCfg = Release|Any CPU
		{A8B83358-CF3A-4DB9-8825-F771E82E567E}.Release|Any CPU.Build.0 = Release|Any CPU
	EndGlobalSection
	GlobalSection(SolutionProperties) = preSolution
		HideSolutionNode = FALSE
	EndGlobalSection
	GlobalSection(ExtensibilityGlobals) = postSolution
		SolutionGuid = {89A3B052-D20D-4FFD-A824-1E9E554FE3F3}
	EndGlobalSection
EndGlobal
