
Microsoft Visual Studio Solution File, Format Version 12.00
# Visual Studio Version 17
VisualStudioVersion = 17.6.33815.320
MinimumVisualStudioVersion = 10.0.40219.1
Project("{FAE04EC0-301F-11D3-BF4B-00C04F79EFBC}") = "WS.Business", "WS.Business\WS.Business.csproj", "{7088B45E-B3EC-41DE-B045-934A49F180F1}"
EndProject
Project("{FAE04EC0-301F-11D3-BF4B-00C04F79EFBC}") = "WS.DataAccess", "WS.DataAccess\WS.DataAccess.csproj", "{C4D80D76-0465-400A-90ED-18D3EA61F9D1}"
EndProject
Project("{FAE04EC0-301F-11D3-BF4B-00C04F79EFBC}") = "WS.Model", "WS.Model\WS.Model.csproj", "{D8C5DE27-F97E-4847-B047-2C2E7A269692}"
EndProject
Project("{FAE04EC0-301F-11D3-BF4B-00C04F79EFBC}") = "Infrastructure", "Infrastructure\Infrastructure.csproj", "{A7B64366-D32D-40C6-B446-F7AC50C78841}"
EndProject
Project("{FAE04EC0-301F-11D3-BF4B-00C04F79EFBC}") = "WS.WebAPI", "WS.WebAPI\WS.WebAPI.csproj", "{678194EC-1A8C-443B-B9C8-C0051FC50F47}"
EndProject
Global
	GlobalSection(SolutionConfigurationPlatforms) = preSolution
		Debug|Any CPU = Debug|Any CPU
		Release|Any CPU = Release|Any CPU
	EndGlobalSection
	GlobalSection(ProjectConfigurationPlatforms) = postSolution
		{7088B45E-B3EC-41DE-B045-934A49F180F1}.Debug|Any CPU.ActiveCfg = Debug|Any CPU
		{7088B45E-B3EC-41DE-B045-934A49F180F1}.Debug|Any CPU.Build.0 = Debug|Any CPU
		{7088B45E-B3EC-41DE-B045-934A49F180F1}.Release|Any CPU.ActiveCfg = Release|Any CPU
		{7088B45E-B3EC-41DE-B045-934A49F180F1}.Release|Any CPU.Build.0 = Release|Any CPU
		{C4D80D76-0465-400A-90ED-18D3EA61F9D1}.Debug|Any CPU.ActiveCfg = Debug|Any CPU
		{C4D80D76-0465-400A-90ED-18D3EA61F9D1}.Debug|Any CPU.Build.0 = Debug|Any CPU
		{C4D80D76-0465-400A-90ED-18D3EA61F9D1}.Release|Any CPU.ActiveCfg = Release|Any CPU
		{C4D80D76-0465-400A-90ED-18D3EA61F9D1}.Release|Any CPU.Build.0 = Release|Any CPU
		{D8C5DE27-F97E-4847-B047-2C2E7A269692}.Debug|Any CPU.ActiveCfg = Debug|Any CPU
		{D8C5DE27-F97E-4847-B047-2C2E7A269692}.Debug|Any CPU.Build.0 = Debug|Any CPU
		{D8C5DE27-F97E-4847-B047-2C2E7A269692}.Release|Any CPU.ActiveCfg = Release|Any CPU
		{D8C5DE27-F97E-4847-B047-2C2E7A269692}.Release|Any CPU.Build.0 = Release|Any CPU
		{A7B64366-D32D-40C6-B446-F7AC50C78841}.Debug|Any CPU.ActiveCfg = Debug|Any CPU
		{A7B64366-D32D-40C6-B446-F7AC50C78841}.Debug|Any CPU.Build.0 = Debug|Any CPU
		{A7B64366-D32D-40C6-B446-F7AC50C78841}.Release|Any CPU.ActiveCfg = Release|Any CPU
		{A7B64366-D32D-40C6-B446-F7AC50C78841}.Release|Any CPU.Build.0 = Release|Any CPU
		{678194EC-1A8C-443B-B9C8-C0051FC50F47}.Debug|Any CPU.ActiveCfg = Debug|Any CPU
		{678194EC-1A8C-443B-B9C8-C0051FC50F47}.Debug|Any CPU.Build.0 = Debug|Any CPU
		{678194EC-1A8C-443B-B9C8-C0051FC50F47}.Release|Any CPU.ActiveCfg = Release|Any CPU
		{678194EC-1A8C-443B-B9C8-C0051FC50F47}.Release|Any CPU.Build.0 = Release|Any CPU
	EndGlobalSection
	GlobalSection(SolutionProperties) = preSolution
		HideSolutionNode = FALSE
	EndGlobalSection
	GlobalSection(ExtensibilityGlobals) = postSolution
		SolutionGuid = {896C2486-9B49-4D7A-BBFC-9C3629E2690C}
	EndGlobalSection
EndGlobal
